<?xml version="1.0" encoding="utf-8"?>
<Project ToolsVersion="4.0" xmlns="http://schemas.microsoft.com/developer/msbuild/2003">
  <ItemGroup>
    <Filter Include="源文件">
      <UniqueIdentifier>{4FC737F1-C7A5-4376-A066-2A32D752A2FF}</UniqueIdentifier>
      <Extensions>cpp;c;cc;cxx;c++;def;odl;idl;hpj;bat;asm;asmx</Extensions>
    </Filter>
    <Filter Include="头文件">
      <UniqueIdentifier>{93995380-89BD-4b04-88EB-625FBE52EBFB}</UniqueIdentifier>
      <Extensions>h;hh;hpp;hxx;h++;hm;inl;inc;ipp;xsd</Extensions>
    </Filter>
    <Filter Include="资源文件">
      <UniqueIdentifier>{67DA6AB6-F800-4c08-8B7A-83BB121AAD01}</UniqueIdentifier>
      <Extensions>rc;ico;cur;bmp;dlg;rc2;rct;bin;rgs;gif;jpg;jpeg;jpe;resx;tiff;tif;png;wav;mfcribbon-ms</Extensions>
    </Filter>
    <Filter Include="源文件\exercise">
      <UniqueIdentifier>{b97b583a-f834-47e6-83d3-2bc893ec98ef}</UniqueIdentifier>
    </Filter>
  </ItemGroup>
  <ItemGroup>
    <ClInclude Include="chapter13.h">
      <Filter>头文件</Filter>
    </ClInclude>
  </ItemGroup>
  <ItemGroup>
    <ClCompile Include="count.c">
      <Filter>源文件</Filter>
    </ClCompile>
    <ClCompile Include="exclusive.c">
      <Filter>源文件</Filter>
    </ClCompile>
    <ClCompile Include="reduceto.c">
      <Filter>源文件</Filter>
    </ClCompile>
    <ClCompile Include="max_sum_subarray.c">
      <Filter>源文件\exercise</Filter>
    </ClCompile>
    <ClCompile Include="stringCombine.c">
      <Filter>源文件\exercise</Filter>
    </ClCompile>
    <ClCompile Include="reverse.c">
      <Filter>源文件</Filter>
    </ClCompile>
    <ClCompile Include="fseek_demo.c">
      <Filter>源文件</Filter>
    </ClCompile>
    <ClCompile Include="fflush_demo.c">
      <Filter>源文件</Filter>
    </ClCompile>
    <ClCompile Include="echo_immediate.c">
      <Filter>源文件</Filter>
    </ClCompile>
    <ClCompile Include="getline.c">
      <Filter>源文件</Filter>
    </ClCompile>
    <ClCompile Include="tmpnam.c">
      <Filter>源文件</Filter>
    </ClCompile>
    <ClCompile Include="tmpfile.c">
      <Filter>源文件</Filter>
    </ClCompile>
    <ClCompile Include="quickfind.c">
      <Filter>源文件\exercise</Filter>
    </ClCompile>
  </ItemGroup>
</Project>